
Microsoft Visual Studio Solution File, Format Version 12.00
# Visual Studio Version 16
VisualStudioVersion = 16.0.28729.10
MinimumVisualStudioVersion = 10.0.40219.1
Project("{FAE04EC0-301F-11D3-BF4B-00C04F79EFBC}") = "Horatiu_Muresan_MediiProiect", "Horatiu_Muresan_MediiProiect\Horatiu_Muresan_MediiProiect.csproj", "{F4F34554-0B7A-412A-AC06-39377D73497E}"
EndProject
Global
	GlobalSection(SolutionConfigurationPlatforms) = preSolution
		Debug|Any CPU = Debug|Any CPU
		Release|Any CPU = Release|Any CPU
	EndGlobalSection
	GlobalSection(ProjectConfigurationPlatforms) = postSolution
		{F4F34554-0B7A-412A-AC06-39377D73497E}.Debug|Any CPU.ActiveCfg = Debug|Any CPU
		{F4F34554-0B7A-412A-AC06-39377D73497E}.Debug|Any CPU.Build.0 = Debug|Any CPU
		{F4F34554-0B7A-412A-AC06-39377D73497E}.Release|Any CPU.ActiveCfg = Release|Any CPU
		{F4F34554-0B7A-412A-AC06-39377D73497E}.Release|Any CPU.Build.0 = Release|Any CPU
	EndGlobalSection
	GlobalSection(SolutionProperties) = preSolution
		HideSolutionNode = FALSE
	EndGlobalSection
	GlobalSection(ExtensibilityGlobals) = postSolution
		SolutionGuid = {771D3E60-33FD-409D-B413-69BFF541BA46}
	EndGlobalSection
EndGlobal
